// !$*UTF8*$!
{
	archiveVersion = 1;
	classes = {
	};
	objectVersion = 46;
	objects = {

/* Begin PBXBuildFile section */
		7B19BF6E1CFC588F00930EF1 /* TCPlayerSDK.framework in Frameworks */ = {isa = PBXBuildFile; fileRef = 7B19BF6D1CFC588F00930EF1 /* TCPlayerSDK.framework */; };
		7B19BF751CFC730F00930EF1 /* TCPlayItem.m in Sources */ = {isa = PBXBuildFile; fileRef = 7B19BF741CFC730F00930EF1 /* TCPlayItem.m */; };
		7B19BF791CFDC11900930EF1 /* TCPlayerBottomView.m in Sources */ = {isa = PBXBuildFile; fileRef = 7B19BF781CFDC11900930EF1 /* TCPlayerBottomView.m */; };
		7B19BF7C1CFDC14E00930EF1 /* TCPlayerSlider.m in Sources */ = {isa = PBXBuildFile; fileRef = 7B19BF7B1CFDC14E00930EF1 /* TCPlayerSlider.m */; };
		7B5AE2E11CFB3391006F0451 /* UZModuleTCPlay.m in Sources */ = {isa = PBXBuildFile; fileRef = 7B5AE2E01CFB3391006F0451 /* UZModuleTCPlay.m */; };
/* End PBXBuildFile section */

/* Begin PBXCopyFilesBuildPhase section */
		7B5AE2BC1CFB3041006F0451 /* CopyFiles */ = {
			isa = PBXCopyFilesBuildPhase;
			buildActionMask = 2147483647;
			dstPath = "include/$(PRODUCT_NAME)";
			dstSubfolderSpec = 16;
			files = (
			);
			runOnlyForDeploymentPostprocessing = 0;
		};
/* End PBXCopyFilesBuildPhase section */

/* Begin PBXFileReference section */
		7B19BF6D1CFC588F00930EF1 /* TCPlayerSDK.framework */ = {isa = PBXFileReference; lastKnownFileType = wrapper.framework; path = TCPlayerSDK.framework; sourceTree = "<group>"; };
		7B19BF731CFC730F00930EF1 /* TCPlayItem.h */ = {isa = PBXFileReference; fileEncoding = 4; lastKnownFileType = sourcecode.c.h; path = TCPlayItem.h; sourceTree = "<group>"; };
		7B19BF741CFC730F00930EF1 /* TCPlayItem.m */ = {isa = PBXFileReference; fileEncoding = 4; lastKnownFileType = sourcecode.c.objc; path = TCPlayItem.m; sourceTree = "<group>"; };
		7B19BF771CFDC11900930EF1 /* TCPlayerBottomView.h */ = {isa = PBXFileReference; fileEncoding = 4; lastKnownFileType = sourcecode.c.h; path = TCPlayerBottomView.h; sourceTree = "<group>"; };
		7B19BF781CFDC11900930EF1 /* TCPlayerBottomView.m */ = {isa = PBXFileReference; fileEncoding = 4; lastKnownFileType = sourcecode.c.objc; path = TCPlayerBottomView.m; sourceTree = "<group>"; };
		7B19BF7A1CFDC14E00930EF1 /* TCPlayerSlider.h */ = {isa = PBXFileReference; fileEncoding = 4; lastKnownFileType = sourcecode.c.h; path = TCPlayerSlider.h; sourceTree = "<group>"; };
		7B19BF7B1CFDC14E00930EF1 /* TCPlayerSlider.m */ = {isa = PBXFileReference; fileEncoding = 4; lastKnownFileType = sourcecode.c.objc; path = TCPlayerSlider.m; sourceTree = "<group>"; };
		7B5AE2BE1CFB3041006F0451 /* libQPlayerModule.a */ = {isa = PBXFileReference; explicitFileType = archive.ar; includeInIndex = 0; path = libQPlayerModule.a; sourceTree = BUILT_PRODUCTS_DIR; };
		7B5AE2DB1CFB3349006F0451 /* NSDictionaryUtils.h */ = {isa = PBXFileReference; fileEncoding = 4; lastKnownFileType = sourcecode.c.h; path = NSDictionaryUtils.h; sourceTree = "<group>"; };
		7B5AE2DC1CFB3349006F0451 /* UZAppDelegate.h */ = {isa = PBXFileReference; fileEncoding = 4; lastKnownFileType = sourcecode.c.h; path = UZAppDelegate.h; sourceTree = "<group>"; };
		7B5AE2DD1CFB3349006F0451 /* UZAppUtils.h */ = {isa = PBXFileReference; fileEncoding = 4; lastKnownFileType = sourcecode.c.h; path = UZAppUtils.h; sourceTree = "<group>"; };
		7B5AE2DE1CFB3349006F0451 /* UZModule.h */ = {isa = PBXFileReference; fileEncoding = 4; lastKnownFileType = sourcecode.c.h; path = UZModule.h; sourceTree = "<group>"; };
		7B5AE2DF1CFB3391006F0451 /* UZModuleTCPlay.h */ = {isa = PBXFileReference; fileEncoding = 4; lastKnownFileType = sourcecode.c.h; path = UZModuleTCPlay.h; sourceTree = "<group>"; };
		7B5AE2E01CFB3391006F0451 /* UZModuleTCPlay.m */ = {isa = PBXFileReference; fileEncoding = 4; lastKnownFileType = sourcecode.c.objc; path = UZModuleTCPlay.m; sourceTree = "<group>"; };
/* End PBXFileReference section */

/* Begin PBXFrameworksBuildPhase section */
		7B5AE2BB1CFB3041006F0451 /* Frameworks */ = {
			isa = PBXFrameworksBuildPhase;
			buildActionMask = 2147483647;
			files = (
				7B19BF6E1CFC588F00930EF1 /* TCPlayerSDK.framework in Frameworks */,
			);
			runOnlyForDeploymentPostprocessing = 0;
		};
/* End PBXFrameworksBuildPhase section */

/* Begin PBXGroup section */
		7B19BF6C1CFC587700930EF1 /* lib */ = {
			isa = PBXGroup;
			children = (
				7B19BF6D1CFC588F00930EF1 /* TCPlayerSDK.framework */,
			);
			name = lib;
			sourceTree = "<group>";
		};
		7B19BF721CFC72FF00930EF1 /* TCPClass */ = {
			isa = PBXGroup;
			children = (
				7B19BF7A1CFDC14E00930EF1 /* TCPlayerSlider.h */,
				7B19BF7B1CFDC14E00930EF1 /* TCPlayerSlider.m */,
				7B19BF771CFDC11900930EF1 /* TCPlayerBottomView.h */,
				7B19BF781CFDC11900930EF1 /* TCPlayerBottomView.m */,
				7B19BF731CFC730F00930EF1 /* TCPlayItem.h */,
				7B19BF741CFC730F00930EF1 /* TCPlayItem.m */,
			);
			name = TCPClass;
			sourceTree = "<group>";
		};
		7B5AE2B51CFB3040006F0451 = {
			isa = PBXGroup;
			children = (
				7B19BF6C1CFC587700930EF1 /* lib */,
				7B5AE2C01CFB3041006F0451 /* QPlayerModule */,
				7B5AE2BF1CFB3041006F0451 /* Products */,
			);
			sourceTree = "<group>";
		};
		7B5AE2BF1CFB3041006F0451 /* Products */ = {
			isa = PBXGroup;
			children = (
				7B5AE2BE1CFB3041006F0451 /* libQPlayerModule.a */,
			);
			name = Products;
			sourceTree = "<group>";
		};
		7B5AE2C01CFB3041006F0451 /* QPlayerModule */ = {
			isa = PBXGroup;
			children = (
				7B19BF721CFC72FF00930EF1 /* TCPClass */,
				7B5AE2DA1CFB3349006F0451 /* UZEngine */,
				7B5AE2DF1CFB3391006F0451 /* UZModuleTCPlay.h */,
				7B5AE2E01CFB3391006F0451 /* UZModuleTCPlay.m */,
			);
			path = QPlayerModule;
			sourceTree = "<group>";
		};
		7B5AE2DA1CFB3349006F0451 /* UZEngine */ = {
			isa = PBXGroup;
			children = (
				7B5AE2DB1CFB3349006F0451 /* NSDictionaryUtils.h */,
				7B5AE2DC1CFB3349006F0451 /* UZAppDelegate.h */,
				7B5AE2DD1CFB3349006F0451 /* UZAppUtils.h */,
				7B5AE2DE1CFB3349006F0451 /* UZModule.h */,
			);
			path = UZEngine;
			sourceTree = "<group>";
		};
/* End PBXGroup section */

/* Begin PBXNativeTarget section */
		7B5AE2BD1CFB3041006F0451 /* QPlayerModule */ = {
			isa = PBXNativeTarget;
			buildConfigurationList = 7B5AE2C71CFB3041006F0451 /* Build configuration list for PBXNativeTarget "QPlayerModule" */;
			buildPhases = (
				7B5AE2BA1CFB3041006F0451 /* Sources */,
				7B5AE2BB1CFB3041006F0451 /* Frameworks */,
				7B5AE2BC1CFB3041006F0451 /* CopyFiles */,
			);
			buildRules = (
			);
			dependencies = (
			);
			name = QPlayerModule;
			productName = QPlayerModule;
			productReference = 7B5AE2BE1CFB3041006F0451 /* libQPlayerModule.a */;
			productType = "com.apple.product-type.library.static";
		};
/* End PBXNativeTarget section */

/* Begin PBXProject section */
		7B5AE2B61CFB3041006F0451 /* Project object */ = {
			isa = PBXProject;
			attributes = {
				LastUpgradeCheck = 0730;
				ORGANIZATIONNAME = YXG;
				TargetAttributes = {
					7B5AE2BD1CFB3041006F0451 = {
						CreatedOnToolsVersion = 7.3.1;
					};
				};
			};
			buildConfigurationList = 7B5AE2B91CFB3041006F0451 /* Build configuration list for PBXProject "QPlayerModule" */;
			compatibilityVersion = "Xcode 3.2";
			developmentRegion = English;
			hasScannedForEncodings = 0;
			knownRegions = (
				en,
			);
			mainGroup = 7B5AE2B51CFB3040006F0451;
			productRefGroup = 7B5AE2BF1CFB3041006F0451 /* Products */;
			projectDirPath = "";
			projectRoot = "";
			targets = (
				7B5AE2BD1CFB3041006F0451 /* QPlayerModule */,
			);
		};
/* End PBXProject section */

/* Begin PBXSourcesBuildPhase section */
		7B5AE2BA1CFB3041006F0451 /* Sources */ = {
			isa = PBXSourcesBuildPhase;
			buildActionMask = 2147483647;
			files = (
				7B5AE2E11CFB3391006F0451 /* UZModuleTCPlay.m in Sources */,
				7B19BF751CFC730F00930EF1 /* TCPlayItem.m in Sources */,
				7B19BF7C1CFDC14E00930EF1 /* TCPlayerSlider.m in Sources */,
				7B19BF791CFDC11900930EF1 /* TCPlayerBottomView.m in Sources */,
			);
			runOnlyForDeploymentPostprocessing = 0;
		};
/* End PBXSourcesBuildPhase section */

/* Begin XCBuildConfiguration section */
		7B5AE2C51CFB3041006F0451 /* Debug */ = {
			isa = XCBuildConfiguration;
			buildSettings = {
				ALWAYS_SEARCH_USER_PATHS = NO;
				CLANG_ANALYZER_NONNULL = YES;
				CLANG_CXX_LANGUAGE_STANDARD = "gnu++0x";
				CLANG_CXX_LIBRARY = "libc++";
				CLANG_ENABLE_MODULES = YES;
				CLANG_ENABLE_OBJC_ARC = YES;
				CLANG_WARN_BOOL_CONVERSION = YES;
				CLANG_WARN_CONSTANT_CONVERSION = YES;
				CLANG_WARN_DIRECT_OBJC_ISA_USAGE = YES_ERROR;
				CLANG_WARN_EMPTY_BODY = YES;
				CLANG_WARN_ENUM_CONVERSION = YES;
				CLANG_WARN_INT_CONVERSION = YES;
				CLANG_WARN_OBJC_ROOT_CLASS = YES_ERROR;
				CLANG_WARN_UNREACHABLE_CODE = YES;
				CLANG_WARN__DUPLICATE_METHOD_MATCH = YES;
				"CODE_SIGN_IDENTITY[sdk=iphoneos*]" = "iPhone Developer";
				COPY_PHASE_STRIP = NO;
				DEBUG_INFORMATION_FORMAT = dwarf;
				ENABLE_STRICT_OBJC_MSGSEND = YES;
				ENABLE_TESTABILITY = YES;
				GCC_C_LANGUAGE_STANDARD = gnu99;
				GCC_DYNAMIC_NO_PIC = NO;
				GCC_NO_COMMON_BLOCKS = YES;
				GCC_OPTIMIZATION_LEVEL = 0;
				GCC_PREPROCESSOR_DEFINITIONS = (
					"DEBUG=1",
					"$(inherited)",
				);
				GCC_WARN_64_TO_32_BIT_CONVERSION = YES;
				GCC_WARN_ABOUT_RETURN_TYPE = YES_ERROR;
				GCC_WARN_UNDECLARED_SELECTOR = YES;
				GCC_WARN_UNINITIALIZED_AUTOS = YES_AGGRESSIVE;
				GCC_WARN_UNUSED_FUNCTION = YES;
				GCC_WARN_UNUSED_VARIABLE = YES;
				IPHONEOS_DEPLOYMENT_TARGET = 8.0;
				MTL_ENABLE_DEBUG_INFO = YES;
				ONLY_ACTIVE_ARCH = YES;
				SDKROOT = iphoneos;
			};
			name = Debug;
		};
		7B5AE2C61CFB3041006F0451 /* Release */ = {
			isa = XCBuildConfiguration;
			buildSettings = {
				ALWAYS_SEARCH_USER_PATHS = NO;
				CLANG_ANALYZER_NONNULL = YES;
				CLANG_CXX_LANGUAGE_STANDARD = "gnu++0x";
				CLANG_CXX_LIBRARY = "libc++";
				CLANG_ENABLE_MODULES = YES;
				CLANG_ENABLE_OBJC_ARC = YES;
				CLANG_WARN_BOOL_CONVERSION = YES;
				CLANG_WARN_CONSTANT_CONVERSION = YES;
				CLANG_WARN_DIRECT_OBJC_ISA_USAGE = YES_ERROR;
				CLANG_WARN_EMPTY_BODY = YES;
				CLANG_WARN_ENUM_CONVERSION = YES;
				CLANG_WARN_INT_CONVERSION = YES;
				CLANG_WARN_OBJC_ROOT_CLASS = YES_ERROR;
				CLANG_WARN_UNREACHABLE_CODE = YES;
				CLANG_WARN__DUPLICATE_METHOD_MATCH = YES;
				"CODE_SIGN_IDENTITY[sdk=iphoneos*]" = "iPhone Developer";
				COPY_PHASE_STRIP = NO;
				DEBUG_INFORMATION_FORMAT = "dwarf-with-dsym";
				ENABLE_NS_ASSERTIONS = NO;
				ENABLE_STRICT_OBJC_MSGSEND = YES;
				GCC_C_LANGUAGE_STANDARD = gnu99;
				GCC_NO_COMMON_BLOCKS = YES;
				GCC_WARN_64_TO_32_BIT_CONVERSION = YES;
				GCC_WARN_ABOUT_RETURN_TYPE = YES_ERROR;
				GCC_WARN_UNDECLARED_SELECTOR = YES;
				GCC_WARN_UNINITIALIZED_AUTOS = YES_AGGRESSIVE;
				GCC_WARN_UNUSED_FUNCTION = YES;
				GCC_WARN_UNUSED_VARIABLE = YES;
				IPHONEOS_DEPLOYMENT_TARGET = 8.0;
				MTL_ENABLE_DEBUG_INFO = NO;
				SDKROOT = iphoneos;
				VALIDATE_PRODUCT = YES;
			};
			name = Release;
		};
		7B5AE2C81CFB3041006F0451 /* Debug */ = {
			isa = XCBuildConfiguration;
			buildSettings = {
				FRAMEWORK_SEARCH_PATHS = (
					"$(inherited)",
					"$(PROJECT_DIR)",
				);
				ONLY_ACTIVE_ARCH = NO;
				OTHER_LDFLAGS = "-ObjC";
				PRODUCT_NAME = "$(TARGET_NAME)";
				SKIP_INSTALL = YES;
			};
			name = Debug;
		};
		7B5AE2C91CFB3041006F0451 /* Release */ = {
			isa = XCBuildConfiguration;
			buildSettings = {
				FRAMEWORK_SEARCH_PATHS = (
					"$(inherited)",
					"$(PROJECT_DIR)",
				);
				OTHER_LDFLAGS = "-ObjC";
				PRODUCT_NAME = "$(TARGET_NAME)";
				SKIP_INSTALL = YES;
			};
			name = Release;
		};
/* End XCBuildConfiguration section */

/* Begin XCConfigurationList section */
		7B5AE2B91CFB3041006F0451 /* Build configuration list for PBXProject "QPlayerModule" */ = {
			isa = XCConfigurationList;
			buildConfigurations = (
				7B5AE2C51CFB3041006F0451 /* Debug */,
				7B5AE2C61CFB3041006F0451 /* Release */,
			);
			defaultConfigurationIsVisible = 0;
			defaultConfigurationName = Release;
		};
		7B5AE2C71CFB3041006F0451 /* Build configuration list for PBXNativeTarget "QPlayerModule" */ = {
			isa = XCConfigurationList;
			buildConfigurations = (
				7B5AE2C81CFB3041006F0451 /* Debug */,
				7B5AE2C91CFB3041006F0451 /* Release */,
			);
			defaultConfigurationIsVisible = 0;
			defaultConfigurationName = Release;
		};
/* End XCConfigurationList section */
	};
	rootObject = 7B5AE2B61CFB3041006F0451 /* Project object */;
}
